PODS:
  - Amplitude-iOS (4.8.2)
  - Analytics (3.7.0)
  - app_tracking_transparency (0.0.1):
    - Flutter
  - contacts_service (0.2.2):
    - Flutter
  - Firebase/Analytics (9.2.0):
    - Firebase/Core
  - Firebase/Auth (9.2.0):
    - Firebase/CoreOnly
    - FirebaseAuth (~> 9.2.0)
  - Firebase/Core (9.2.0):
    - Firebase/CoreOnly
    - FirebaseAnalytics (~> 9.2.0)
  - Firebase/CoreOnly (9.2.0):
    - FirebaseCore (= 9.2.0)
  - Firebase/Messaging (9.2.0):
    - Firebase/CoreOnly
    - FirebaseMessaging (~> 9.2.0)
  - Firebase/RemoteConfig (9.2.0):
    - Firebase/CoreOnly
    - FirebaseRemoteConfig (~> 9.2.0)
  - firebase_auth (3.4.1):
    - Firebase/Auth (= 9.2.0)
    - firebase_core
    - Flutter
  - firebase_core (1.19.1):
    - Firebase/CoreOnly (= 9.2.0)
    - Flutter
  - firebase_messaging (11.4.4):
    - Firebase/Messaging (= 9.2.0)
    - firebase_core
    - Flutter
  - firebase_remote_config (2.0.11):
    - Firebase/RemoteConfig (= 9.2.0)
    - firebase_core
    - Flutter
  - FirebaseABTesting (9.2.0):
    - FirebaseCore (~> 9.0)
  - FirebaseAnalytics (9.2.0):
    - FirebaseAnalytics/AdIdSupport (= 9.2.0)
    - FirebaseCore (~> 9.0)
    - FirebaseInstallations (~> 9.0)
    - GoogleUtilities/AppDelegateSwizzler (~> 7.7)
    - GoogleUtilities/MethodSwizzler (~> 7.7)
    - GoogleUtilities/Network (~> 7.7)
    - "GoogleUtilities/NSData+zlib (~> 7.7)"
    - nanopb (< 2.30910.0, >= 2.30908.0)
  - FirebaseAnalytics/AdIdSupport (9.2.0):
    - FirebaseCore (~> 9.0)
    - FirebaseInstallations (~> 9.0)
    - GoogleAppMeasurement (= 9.2.0)
    - GoogleUtilities/AppDelegateSwizzler (~> 7.7)
    - GoogleUtilities/MethodSwizzler (~> 7.7)
    - GoogleUtilities/Network (~> 7.7)
    - "GoogleUtilities/NSData+zlib (~> 7.7)"
    - nanopb (< 2.30910.0, >= 2.30908.0)
  - FirebaseAuth (9.2.0):
    - FirebaseCore (~> 9.0)
    - GoogleUtilities/AppDelegateSwizzler (~> 7.7)
    - GoogleUtilities/Environment (~> 7.7)
    - GTMSessionFetcher/Core (< 3.0, >= 1.7)
  - FirebaseCore (9.2.0):
    - FirebaseCoreDiagnostics (~> 9.0)
    - FirebaseCoreInternal (~> 9.0)
    - GoogleUtilities/Environment (~> 7.7)
    - GoogleUtilities/Logger (~> 7.7)
  - FirebaseCoreDiagnostics (9.2.0):
    - GoogleDataTransport (< 10.0.0, >= 9.1.4)
    - GoogleUtilities/Environment (~> 7.7)
    - GoogleUtilities/Logger (~> 7.7)
    - nanopb (< 2.30910.0, >= 2.30908.0)
  - FirebaseCoreInternal (9.2.0):
    - "GoogleUtilities/NSData+zlib (~> 7.7)"
  - FirebaseInstallations (9.2.0):
    - FirebaseCore (~> 9.0)
    - GoogleUtilities/Environment (~> 7.7)
    - GoogleUtilities/UserDefaults (~> 7.7)
    - PromisesObjC (~> 2.1)
  - FirebaseMessaging (9.2.0):
    - FirebaseCore (~> 9.0)
    - FirebaseInstallations (~> 9.0)
    - GoogleDataTransport (< 10.0.0, >= 9.1.4)
    - GoogleUtilities/AppDelegateSwizzler (~> 7.7)
    - GoogleUtilities/Environment (~> 7.7)
    - GoogleUtilities/Reachability (~> 7.7)
    - GoogleUtilities/UserDefaults (~> 7.7)
    - nanopb (< 2.30910.0, >= 2.30908.0)
  - FirebaseRemoteConfig (9.2.0):
    - FirebaseABTesting (~> 9.0)
    - FirebaseCore (~> 9.0)
    - FirebaseInstallations (~> 9.0)
    - GoogleUtilities/Environment (~> 7.7)
    - "GoogleUtilities/NSData+zlib (~> 7.7)"
  - Flutter (1.0.0)
  - flutter_inappwebview (0.0.1):
    - Flutter
    - flutter_inappwebview/Core (= 0.0.1)
    - OrderedSet (~> 5.0)
  - flutter_inappwebview/Core (0.0.1):
    - Flutter
    - OrderedSet (~> 5.0)
  - flutter_native_splash (0.0.1):
    - Flutter
  - flutter_secure_storage (3.3.1):
    - Flutter
  - flutter_segment (0.0.1):
    - Analytics (= 3.7.0)
    - Flutter
    - Segment-Amplitude (= 3.0.1)
  - flutter_udid (0.0.1):
    - Flutter
    - SAMKeychain
  - flutter_web_browser (0.17.1):
    - Flutter
  - FMDB (2.7.5):
    - FMDB/standard (= 2.7.5)
  - FMDB/standard (2.7.5)
  - google_maps_flutter (0.0.1):
    - Flutter
    - GoogleMaps
  - GoogleAppMeasurement (9.2.0):
    - GoogleAppMeasurement/AdIdSupport (= 9.2.0)
    - GoogleUtilities/AppDelegateSwizzler (~> 7.7)
    - GoogleUtilities/MethodSwizzler (~> 7.7)
    - GoogleUtilities/Network (~> 7.7)
    - "GoogleUtilities/NSData+zlib (~> 7.7)"
    - nanopb (< 2.30910.0, >= 2.30908.0)
  - GoogleAppMeasurement/AdIdSupport (9.2.0):
    - GoogleAppMeasurement/WithoutAdIdSupport (= 9.2.0)
    - GoogleUtilities/AppDelegateSwizzler (~> 7.7)
    - GoogleUtilities/MethodSwizzler (~> 7.7)
    - GoogleUtilities/Network (~> 7.7)
    - "GoogleUtilities/NSData+zlib (~> 7.7)"
    - nanopb (< 2.30910.0, >= 2.30908.0)
  - GoogleAppMeasurement/WithoutAdIdSupport (9.2.0):
    - GoogleUtilities/AppDelegateSwizzler (~> 7.7)
    - GoogleUtilities/MethodSwizzler (~> 7.7)
    - GoogleUtilities/Network (~> 7.7)
    - "GoogleUtilities/NSData+zlib (~> 7.7)"
    - nanopb (< 2.30910.0, >= 2.30908.0)
  - GoogleDataTransport (9.1.4):
    - GoogleUtilities/Environment (~> 7.7)
    - nanopb (< 2.30910.0, >= 2.30908.0)
    - PromisesObjC (< 3.0, >= 1.2)
  - GoogleMaps (6.2.1):
    - GoogleMaps/Maps (= 6.2.1)
  - GoogleMaps/Base (6.2.1)
  - GoogleMaps/Maps (6.2.1):
    - GoogleMaps/Base
  - GoogleUtilities/AppDelegateSwizzler (7.7.0):
    - GoogleUtilities/Environment
    - GoogleUtilities/Logger
    - GoogleUtilities/Network
  - GoogleUtilities/Environment (7.7.0):
    - PromisesObjC (< 3.0, >= 1.2)
  - GoogleUtilities/Logger (7.7.0):
    - GoogleUtilities/Environment
  - GoogleUtilities/MethodSwizzler (7.7.0):
    - GoogleUtilities/Logger
  - GoogleUtilities/Network (7.7.0):
    - GoogleUtilities/Logger
    - "GoogleUtilities/NSData+zlib"
    - GoogleUtilities/Reachability
  - "GoogleUtilities/NSData+zlib (7.7.0)"
  - GoogleUtilities/Reachability (7.7.0):
    - GoogleUtilities/Logger
  - GoogleUtilities/UserDefaults (7.7.0):
    - GoogleUtilities/Logger
  - GTMSessionFetcher/Core (2.0.0)
  - image_picker_ios (0.0.1):
    - Flutter
  - local_auth_ios (0.0.1):
    - Flutter
  - nanopb (2.30909.0):
    - nanopb/decode (= 2.30909.0)
    - nanopb/encode (= 2.30909.0)
  - nanopb/decode (2.30909.0)
  - nanopb/encode (2.30909.0)
  - OrderedSet (5.0.0)
  - package_info (0.0.1):
    - Flutter
  - package_info_plus (0.4.5):
    - Flutter
  - path_provider_ios (0.0.1):
    - Flutter
  - permission_handler_apple (9.0.4):
    - Flutter
  - phone_number (0.12.0):
    - Flutter
    - PhoneNumberKit/PhoneNumberKitCore (= 3.3.4)
  - PhoneNumberKit/PhoneNumberKitCore (3.3.4)
  - Plaid (2.5.1)
  - plaid_flutter (0.0.1):
    - Flutter
    - Plaid (= 2.5.1)
  - PromisesObjC (2.1.1)
  - rate_my_app (1.1.3):
    - Flutter
  - SAMKeychain (1.5.3)
  - scan (0.0.1):
    - Flutter
  - Segment-Amplitude (3.0.1):
    - Amplitude-iOS (~> 4.8.0)
    - Analytics (~> 3.7.0)
  - Sentry (7.19.0):
    - Sentry/Core (= 7.19.0)
  - Sentry/Core (7.19.0)
  - sentry_flutter (0.0.1):
    - Flutter
    - FlutterMacOS
    - Sentry (~> 7.19.0)
  - share_plus (0.0.1):
    - Flutter
  - shared_preferences_ios (0.0.1):
    - Flutter
  - sqflite (0.0.2):
    - Flutter
    - FMDB (>= 2.7.5)
  - Stripe (22.5.1):
    - Stripe/Stripe3DS2 (= 22.5.1)
    - StripeApplePay (= 22.5.1)
    - StripeCore (= 22.5.1)
    - StripeUICore (= 22.5.1)
  - Stripe/Stripe3DS2 (22.5.1):
    - StripeApplePay (= 22.5.1)
    - StripeCore (= 22.5.1)
    - StripeUICore (= 22.5.1)
  - stripe_ios (0.0.1):
    - Flutter
    - Stripe (~> 22.5.1)
    - StripeFinancialConnections (~> 22.5.1)
  - StripeApplePay (22.5.1):
    - StripeCore (= 22.5.1)
  - StripeCore (22.5.1)
  - StripeFinancialConnections (22.5.1):
    - StripeCore (= 22.5.1)
    - StripeUICore (= 22.5.1)
  - StripeUICore (22.5.1):
    - StripeCore (= 22.5.1)
  - url_launcher_ios (0.0.1):
    - Flutter
  - video_player_avfoundation (0.0.1):
    - Flutter
  - wakelock (0.0.1):
    - Flutter
  - webview_flutter_wkwebview (0.0.1):
    - Flutter

DEPENDENCIES:
  - app_tracking_transparency (from `.symlinks/plugins/app_tracking_transparency/ios`)
  - contacts_service (from `.symlinks/plugins/contacts_service/ios`)
  - Firebase/Analytics
  - firebase_auth (from `.symlinks/plugins/firebase_auth/ios`)
  - firebase_core (from `.symlinks/plugins/firebase_core/ios`)
  - firebase_messaging (from `.symlinks/plugins/firebase_messaging/ios`)
  - firebase_remote_config (from `.symlinks/plugins/firebase_remote_config/ios`)
  - Flutter (from `Flutter`)
  - flutter_inappwebview (from `.symlinks/plugins/flutter_inappwebview/ios`)
  - flutter_native_splash (from `.symlinks/plugins/flutter_native_splash/ios`)
  - flutter_secure_storage (from `.symlinks/plugins/flutter_secure_storage/ios`)
  - flutter_segment (from `.symlinks/plugins/flutter_segment/ios`)
  - flutter_udid (from `.symlinks/plugins/flutter_udid/ios`)
  - flutter_web_browser (from `.symlinks/plugins/flutter_web_browser/ios`)
  - google_maps_flutter (from `.symlinks/plugins/google_maps_flutter/ios`)
  - image_picker_ios (from `.symlinks/plugins/image_picker_ios/ios`)
  - local_auth_ios (from `.symlinks/plugins/local_auth_ios/ios`)
  - package_info (from `.symlinks/plugins/package_info/ios`)
  - package_info_plus (from `.symlinks/plugins/package_info_plus/ios`)
  - path_provider_ios (from `.symlinks/plugins/path_provider_ios/ios`)
  - permission_handler_apple (from `.symlinks/plugins/permission_handler_apple/ios`)
  - phone_number (from `.symlinks/plugins/phone_number/ios`)
  - plaid_flutter (from `.symlinks/plugins/plaid_flutter/ios`)
  - rate_my_app (from `.symlinks/plugins/rate_my_app/ios`)
  - scan (from `.symlinks/plugins/scan/ios`)
  - sentry_flutter (from `.symlinks/plugins/sentry_flutter/ios`)
  - share_plus (from `.symlinks/plugins/share_plus/ios`)
  - shared_preferences_ios (from `.symlinks/plugins/shared_preferences_ios/ios`)
  - sqflite (from `.symlinks/plugins/sqflite/ios`)
  - stripe_ios (from `.symlinks/plugins/stripe_ios/ios`)
  - url_launcher_ios (from `.symlinks/plugins/url_launcher_ios/ios`)
  - video_player_avfoundation (from `.symlinks/plugins/video_player_avfoundation/ios`)
  - wakelock (from `.symlinks/plugins/wakelock/ios`)
  - webview_flutter_wkwebview (from `.symlinks/plugins/webview_flutter_wkwebview/ios`)

SPEC REPOS:
  trunk:
    - Amplitude-iOS
    - Analytics
    - Firebase
    - FirebaseABTesting
    - FirebaseAnalytics
    - FirebaseAuth
    - FirebaseCore
    - FirebaseCoreDiagnostics
    - FirebaseCoreInternal
    - FirebaseInstallations
    - FirebaseMessaging
    - FirebaseRemoteConfig
    - FMDB
    - GoogleAppMeasurement
    - GoogleDataTransport
    - GoogleMaps
    - GoogleUtilities
    - GTMSessionFetcher
    - nanopb
    - OrderedSet
    - PhoneNumberKit
    - Plaid
    - PromisesObjC
    - SAMKeychain
    - Segment-Amplitude
    - Sentry
    - Stripe
    - StripeApplePay
    - StripeCore
    - StripeFinancialConnections
    - StripeUICore

EXTERNAL SOURCES:
  app_tracking_transparency:
    :path: ".symlinks/plugins/app_tracking_transparency/ios"
  contacts_service:
    :path: ".symlinks/plugins/contacts_service/ios"
  firebase_auth:
    :path: ".symlinks/plugins/firebase_auth/ios"
  firebase_core:
    :path: ".symlinks/plugins/firebase_core/ios"
  firebase_messaging:
    :path: ".symlinks/plugins/firebase_messaging/ios"
  firebase_remote_config:
    :path: ".symlinks/plugins/firebase_remote_config/ios"
  Flutter:
    :path: Flutter
  flutter_inappwebview:
    :path: ".symlinks/plugins/flutter_inappwebview/ios"
  flutter_native_splash:
    :path: ".symlinks/plugins/flutter_native_splash/ios"
  flutter_secure_storage:
    :path: ".symlinks/plugins/flutter_secure_storage/ios"
  flutter_segment:
    :path: ".symlinks/plugins/flutter_segment/ios"
  flutter_udid:
    :path: ".symlinks/plugins/flutter_udid/ios"
  flutter_web_browser:
    :path: ".symlinks/plugins/flutter_web_browser/ios"
  google_maps_flutter:
    :path: ".symlinks/plugins/google_maps_flutter/ios"
  image_picker_ios:
    :path: ".symlinks/plugins/image_picker_ios/ios"
  local_auth_ios:
    :path: ".symlinks/plugins/local_auth_ios/ios"
  package_info:
    :path: ".symlinks/plugins/package_info/ios"
  package_info_plus:
    :path: ".symlinks/plugins/package_info_plus/ios"
  path_provider_ios:
    :path: ".symlinks/plugins/path_provider_ios/ios"
  permission_handler_apple:
    :path: ".symlinks/plugins/permission_handler_apple/ios"
  phone_number:
    :path: ".symlinks/plugins/phone_number/ios"
  plaid_flutter:
    :path: ".symlinks/plugins/plaid_flutter/ios"
  rate_my_app:
    :path: ".symlinks/plugins/rate_my_app/ios"
  scan:
    :path: ".symlinks/plugins/scan/ios"
  sentry_flutter:
    :path: ".symlinks/plugins/sentry_flutter/ios"
  share_plus:
    :path: ".symlinks/plugins/share_plus/ios"
  shared_preferences_ios:
    :path: ".symlinks/plugins/shared_preferences_ios/ios"
  sqflite:
    :path: ".symlinks/plugins/sqflite/ios"
  stripe_ios:
    :path: ".symlinks/plugins/stripe_ios/ios"
  url_launcher_ios:
    :path: ".symlinks/plugins/url_launcher_ios/ios"
  video_player_avfoundation:
    :path: ".symlinks/plugins/video_player_avfoundation/ios"
  wakelock:
    :path: ".symlinks/plugins/wakelock/ios"
  webview_flutter_wkwebview:
    :path: ".symlinks/plugins/webview_flutter_wkwebview/ios"

SPEC CHECKSUMS:
  Amplitude-iOS: 46c8e6e65c49bb1ad1909a9add1a68e1f8562b3f
  Analytics: 77fd5fb102a4a5eedafa2c2b0245ceb7b7c15e45
  app_tracking_transparency: 5b1745ef9ade815f7455cb6a0848349589afb7c5
  contacts_service: 849e1f84281804c8bfbec1b4c3eedcb23c5d3eca
  Firebase: 4ba896cb8e5105d4b9e247e1c1b6222b548df55a
  firebase_auth: 1093e604044edc89df1e9119daeb82a5b0ef5fac
  firebase_core: 9e09bbfbf5467e459822850732f5fb648f5b1927
  firebase_messaging: 405f36f22122866761e7ba7aa1dcecbae09ef836
  firebase_remote_config: 03b4b7b047e586183109c66c32aed394ccb8a89f
  FirebaseABTesting: cd1ec762a0078b46a7ce91dfe5b7b8991c2dff8f
  FirebaseAnalytics: af5a03a8dff7648c7b8486f6a78b1368e0268dd3
  FirebaseAuth: 1c574ab64a051dd86dbe7fd5a3f86b58155b3482
  FirebaseCore: 0e27f2a15d8f7b7ef11e7d93e23b1cbab55d748c
  FirebaseCoreDiagnostics: ad3f6c68b7c5b63b7cf15b0785d7137f05f32268
  FirebaseCoreInternal: cb966328b6985dbd6f535e1461291063e1c4a00f
  FirebaseInstallations: 21186f0ca7849f90f4a3219fa31a5eca2e30f113
  FirebaseMessaging: 4eaf1b8a7464b2c5e619ad66e9b20ee3e3206b24
  FirebaseRemoteConfig: 16e29297f0dd0c7d2415c4506d614fe0b54875d1
  Flutter: 50d75fe2f02b26cc09d224853bb45737f8b3214a
  flutter_inappwebview: bfd58618f49dc62f2676de690fc6dcda1d6c3721
  flutter_native_splash: 52501b97d1c0a5f898d687f1646226c1f93c56ef
  flutter_secure_storage: 7953c38a04c3fdbb00571bcd87d8e3b5ceb9daec
  flutter_segment: ed8d1215725d0b4190e28105436f253b9e092934
  flutter_udid: 0848809dbed4c055175747ae6a45a8b4f6771e1c
  flutter_web_browser: 7bccaafbb0c5b8862afe7bcd158f15557109f61f
  FMDB: 2ce00b547f966261cd18927a3ddb07cb6f3db82a
  google_maps_flutter: c59fc576c0d0c7f4dc4bd63832c862d22d5a7c6d
  GoogleAppMeasurement: 7a33224321f975d58c166657260526775d9c6b1a
  GoogleDataTransport: 5fffe35792f8b96ec8d6775f5eccd83c998d5a3b
  GoogleMaps: 20d7b12be49a14287f797e88e0e31bc4156aaeb4
  GoogleUtilities: e0913149f6b0625b553d70dae12b49fc62914fd1
  GTMSessionFetcher: 681175626052e03fdde7952f7e9c7a9785719506
  image_picker_ios: b786a5dcf033a8336a657191401bfdf12017dabb
  local_auth_ios: 0d333dde7780f669e66f19d2ff6005f3ea84008d
  nanopb: b552cce312b6c8484180ef47159bc0f65a1f0431
  OrderedSet: aaeb196f7fef5a9edf55d89760da9176ad40b93c
  package_info: 873975fc26034f0b863a300ad47e7f1ac6c7ec62
  package_info_plus: 6c92f08e1f853dc01228d6f553146438dafcd14e
  path_provider_ios: 14f3d2fd28c4fdb42f44e0f751d12861c43cee02
  permission_handler_apple: 44366e37eaf29454a1e7b1b7d736c2cceaeb17ce
  phone_number: 7e56d6e4e43fbe37507512a3aab3f11cf082af69
  PhoneNumberKit: 441e8b26ec88d598e3591de9061eff18f5dd12e8
  Plaid: 6beadc0828cfd5396c5905931b9503493bbc139a
  plaid_flutter: 906414d02eea2353b2cd59ac20d07253bf6f1104
  PromisesObjC: ab77feca74fa2823e7af4249b8326368e61014cb
  rate_my_app: 96f658ddb7f0a8d2f46d54452583f084760aef57
  SAMKeychain: 483e1c9f32984d50ca961e26818a534283b4cd5c
  scan: aea35bb4aa59ccc8839c576a18cd57c7d492cc86
  Segment-Amplitude: 1b3b02a2e92f4b08a413a72bf7aa44f78566ab3b
  Sentry: d6b16e66a0ad0c39a0b76d9a1194e68e78c37ce6
  sentry_flutter: 609b096af497fa64af7c6c94e792d0780aa472a6
  share_plus: 056a1e8ac890df3e33cb503afffaf1e9b4fbae68
  shared_preferences_ios: 548a61f8053b9b8a49ac19c1ffbc8b92c50d68ad
  sqflite: 6d358c025f5b867b29ed92fc697fd34924e11904
  Stripe: 2b2decd03146e08a350960966d41f3028c2eac29
  stripe_ios: e94186250816de030881ced3399154eab186e439
  StripeApplePay: b14f06ac6fc24b56704c1e598149ed0cc45e166f
  StripeCore: 4833738f2ca4336712f279f3c2867a0a7eb67c93
  StripeFinancialConnections: 982115b82af429968d8aa78d329a42ed7ba3feab
  StripeUICore: 08c1efbd7e3c54ee7fa74334a37a1d4c08ba944d
  url_launcher_ios: 839c58cdb4279282219f5e248c3321761ff3c4de
  video_player_avfoundation: e489aac24ef5cf7af82702979ed16f2a5ef84cff
  wakelock: d0fc7c864128eac40eba1617cb5264d9c940b46f
  webview_flutter_wkwebview: b7e70ef1ddded7e69c796c7390ee74180182971f

PODFILE CHECKSUM: 835d2a544ddc14d3cdbc55f680b333948cc85511

COCOAPODS: 1.11.3
